
Microsoft Visual Studio Solution File, Format Version 12.00
# Visual Studio Version 17
VisualStudioVersion = 17.4.33205.214
MinimumVisualStudioVersion = 10.0.40219.1
Project("{9A19103F-16F7-4668-BE54-9A1E7A4F7556}") = "algorithms-and-data-sturcture_Lab01", "algorithms-and-data-sturcture_Lab01\algorithms-and-data-sturcture_Lab01.csproj", "{27115DD6-6AD7-4846-95DB-CA1AE86BDFC6}"
EndProject
Project("{9A19103F-16F7-4668-BE54-9A1E7A4F7556}") = "algorithms-and-data-sturcture_Lab02", "algorithms-and-data-sturcture_Lab02\algorithms-and-data-sturcture_Lab02.csproj", "{B8D332F0-E36F-4D09-98C7-9E36D638EF61}"
EndProject
Project("{9A19103F-16F7-4668-BE54-9A1E7A4F7556}") = "algorithms-and-data-sturcture_Lab03", "algorithms-and-data-sturcture_Lab03\algorithms-and-data-sturcture_Lab03.csproj", "{238477DA-350C-4E75-9FC9-94E6A28BEC4F}"
EndProject
Project("{9A19103F-16F7-4668-BE54-9A1E7A4F7556}") = "algorithms-and-data-sturcture_Lab04", "algorithms-and-data-sturcture_Lab04\algorithms-and-data-sturcture_Lab04.csproj", "{733B20EA-6BA5-44AF-AB2B-57E694DE1637}"
EndProject
Project("{FAE04EC0-301F-11D3-BF4B-00C04F79EFBC}") = "algorithms-and-data-sturcture_Lab05", "algorithms-and-data-sturcture_Lab05\algorithms-and-data-sturcture_Lab05.csproj", "{BF12ED98-3658-46F1-8993-8E6FE81A9FB3}"
EndProject
Global
	GlobalSection(SolutionConfigurationPlatforms) = preSolution
		Debug|Any CPU = Debug|Any CPU
		Release|Any CPU = Release|Any CPU
	EndGlobalSection
	GlobalSection(ProjectConfigurationPlatforms) = postSolution
		{27115DD6-6AD7-4846-95DB-CA1AE86BDFC6}.Debug|Any CPU.ActiveCfg = Debug|Any CPU
		{27115DD6-6AD7-4846-95DB-CA1AE86BDFC6}.Debug|Any CPU.Build.0 = Debug|Any CPU
		{27115DD6-6AD7-4846-95DB-CA1AE86BDFC6}.Release|Any CPU.ActiveCfg = Release|Any CPU
		{27115DD6-6AD7-4846-95DB-CA1AE86BDFC6}.Release|Any CPU.Build.0 = Release|Any CPU
		{B8D332F0-E36F-4D09-98C7-9E36D638EF61}.Debug|Any CPU.ActiveCfg = Debug|Any CPU
		{B8D332F0-E36F-4D09-98C7-9E36D638EF61}.Debug|Any CPU.Build.0 = Debug|Any CPU
		{B8D332F0-E36F-4D09-98C7-9E36D638EF61}.Release|Any CPU.ActiveCfg = Release|Any CPU
		{B8D332F0-E36F-4D09-98C7-9E36D638EF61}.Release|Any CPU.Build.0 = Release|Any CPU
		{238477DA-350C-4E75-9FC9-94E6A28BEC4F}.Debug|Any CPU.ActiveCfg = Debug|Any CPU
		{238477DA-350C-4E75-9FC9-94E6A28BEC4F}.Debug|Any CPU.Build.0 = Debug|Any CPU
		{238477DA-350C-4E75-9FC9-94E6A28BEC4F}.Release|Any CPU.ActiveCfg = Release|Any CPU
		{238477DA-350C-4E75-9FC9-94E6A28BEC4F}.Release|Any CPU.Build.0 = Release|Any CPU
		{733B20EA-6BA5-44AF-AB2B-57E694DE1637}.Debug|Any CPU.ActiveCfg = Debug|Any CPU
		{733B20EA-6BA5-44AF-AB2B-57E694DE1637}.Debug|Any CPU.Build.0 = Debug|Any CPU
		{733B20EA-6BA5-44AF-AB2B-57E694DE1637}.Release|Any CPU.ActiveCfg = Release|Any CPU
		{733B20EA-6BA5-44AF-AB2B-57E694DE1637}.Release|Any CPU.Build.0 = Release|Any CPU
		{BF12ED98-3658-46F1-8993-8E6FE81A9FB3}.Debug|Any CPU.ActiveCfg = Debug|Any CPU
		{BF12ED98-3658-46F1-8993-8E6FE81A9FB3}.Debug|Any CPU.Build.0 = Debug|Any CPU
		{BF12ED98-3658-46F1-8993-8E6FE81A9FB3}.Release|Any CPU.ActiveCfg = Release|Any CPU
		{BF12ED98-3658-46F1-8993-8E6FE81A9FB3}.Release|Any CPU.Build.0 = Release|Any CPU
	EndGlobalSection
	GlobalSection(SolutionProperties) = preSolution
		HideSolutionNode = FALSE
	EndGlobalSection
	GlobalSection(ExtensibilityGlobals) = postSolution
		SolutionGuid = {749C128A-B5DA-4063-BDDF-CD2049E7AB50}
	EndGlobalSection
EndGlobal
